
Microsoft Visual Studio Solution File, Format Version 12.00
# Visual Studio 15
VisualStudioVersion = 15.0.28307.421
MinimumVisualStudioVersion = 10.0.40219.1
Project("{FAE04EC0-301F-11D3-BF4B-00C04F79EFBC}") = "films-umbraco", "films-umbraco\films-umbraco.csproj", "{255CE60A-5514-44B8-B4AF-A33BD8725484}"
EndProject
Global
	GlobalSection(SolutionConfigurationPlatforms) = preSolution
		Debug|Any CPU = Debug|Any CPU
		Release|Any CPU = Release|Any CPU
	EndGlobalSection
	GlobalSection(ProjectConfigurationPlatforms) = postSolution
		{255CE60A-5514-44B8-B4AF-A33BD8725484}.Debug|Any CPU.ActiveCfg = Debug|Any CPU
		{255CE60A-5514-44B8-B4AF-A33BD8725484}.Debug|Any CPU.Build.0 = Debug|Any CPU
		{255CE60A-5514-44B8-B4AF-A33BD8725484}.Release|Any CPU.ActiveCfg = Release|Any CPU
		{255CE60A-5514-44B8-B4AF-A33BD8725484}.Release|Any CPU.Build.0 = Release|Any CPU
	EndGlobalSection
	GlobalSection(SolutionProperties) = preSolution
		HideSolutionNode = FALSE
	EndGlobalSection
	GlobalSection(ExtensibilityGlobals) = postSolution
		SolutionGuid = {3CD93D5D-6217-4B36-9686-8C428F6FFEEC}
	EndGlobalSection
EndGlobal
